
Microsoft Visual Studio Solution File, Format Version 12.00
# Visual Studio Version 16
VisualStudioVersion = 16.0.30611.23
MinimumVisualStudioVersion = 10.0.40219.1
Project("{9A19103F-16F7-4668-BE54-9A1E7A4F7556}") = "PicPack", "PicPack\PicPack.csproj", "{59148135-5259-4525-B001-53560444C79B}"
EndProject
Project("{FAE04EC0-301F-11D3-BF4B-00C04F79EFBC}") = "BitmapJSONLib", "BitmapJSONLib\BitmapJSONLib.csproj", "{01A969C2-60BB-49EF-8C20-2C81C238964E}"
EndProject
Global
	GlobalSection(SolutionConfigurationPlatforms) = preSolution
		Debug|Any CPU = Debug|Any CPU
		Release|Any CPU = Release|Any CPU
	EndGlobalSection
	GlobalSection(ProjectConfigurationPlatforms) = postSolution
		{59148135-5259-4525-B001-53560444C79B}.Debug|Any CPU.ActiveCfg = Debug|Any CPU
		{59148135-5259-4525-B001-53560444C79B}.Debug|Any CPU.Build.0 = Debug|Any CPU
		{59148135-5259-4525-B001-53560444C79B}.Release|Any CPU.ActiveCfg = Release|Any CPU
		{59148135-5259-4525-B001-53560444C79B}.Release|Any CPU.Build.0 = Release|Any CPU
		{01A969C2-60BB-49EF-8C20-2C81C238964E}.Debug|Any CPU.ActiveCfg = Debug|Any CPU
		{01A969C2-60BB-49EF-8C20-2C81C238964E}.Debug|Any CPU.Build.0 = Debug|Any CPU
		{01A969C2-60BB-49EF-8C20-2C81C238964E}.Release|Any CPU.ActiveCfg = Release|Any CPU
		{01A969C2-60BB-49EF-8C20-2C81C238964E}.Release|Any CPU.Build.0 = Release|Any CPU
	EndGlobalSection
	GlobalSection(SolutionProperties) = preSolution
		HideSolutionNode = FALSE
	EndGlobalSection
	GlobalSection(ExtensibilityGlobals) = postSolution
		SolutionGuid = {69529D52-CC0E-45E3-9633-CEBD601DFA36}
	EndGlobalSection
EndGlobal
